
Microsoft Visual Studio Solution File, Format Version 12.00
# Visual Studio 15
VisualStudioVersion = 15.0.27004.2009
MinimumVisualStudioVersion = 10.0.40219.1
Project("{9A19103F-16F7-4668-BE54-9A1E7A4F7556}") = "OxyPlot.GtkSharp", "OxyPlot.GtkSharp\OxyPlot.GtkSharp.csproj", "{89D008D7-AD33-4AB6-B61A-064C48DA6699}"
EndProject
Project("{2150E333-8FDC-42A3-9474-1A3956D46DE8}") = "Examples", "Examples", "{47133BFC-5147-43B7-94F9-AB12B006C8AC}"
EndProject
Project("{9A19103F-16F7-4668-BE54-9A1E7A4F7556}") = "ExampleBrowser", "Examples\GtkSharp\ExampleBrowser\ExampleBrowser.csproj", "{7CECF810-9B40-46A9-9B56-5A719CFDCAD0}"
EndProject
Project("{9A19103F-16F7-4668-BE54-9A1E7A4F7556}") = "GtkSharpDemo", "Examples\GtkSharp\GtkSharpDemo\GtkSharpDemo.csproj", "{04C4F5CF-4B8A-4D27-9562-462581C1D323}"
EndProject
Project("{9A19103F-16F7-4668-BE54-9A1E7A4F7556}") = "OxyPlot.GtkSharp3", "OxyPlot.GtkSharp3\OxyPlot.GtkSharp3.csproj", "{8B2DC377-4689-4252-AA08-3ACD06A045F3}"
EndProject
Project("{9A19103F-16F7-4668-BE54-9A1E7A4F7556}") = "ExampleBrowserGtk3", "Examples\GtkSharp3\ExampleBrowser\ExampleBrowserGtk3.csproj", "{BA5651BE-8B77-4107-8DF7-FFB73C850E18}"
EndProject
Project("{9A19103F-16F7-4668-BE54-9A1E7A4F7556}") = "GtkSharp3Demo", "Examples\GtkSharp3\GtkSharpDemo\GtkSharp3Demo.csproj", "{480A7E68-5F4D-48C8-A8BD-E2DC1BA362E6}"
EndProject
Project("{D954291E-2A0B-460D-934E-DC6B0785DB48}") = "OxyPlot.GtkSharp.Shared", "OxyPlot.GtkSharp.Shared\OxyPlot.GtkSharp.Shared.shproj", "{AE281D72-34A8-4B84-AA7C-E1BACE70F0C0}"
EndProject
Project("{D954291E-2A0B-460D-934E-DC6B0785DB48}") = "ExampleBrowser.Shared", "Examples\GtkSharp.Shared\ExampleBrowser\ExampleBrowser.Shared.shproj", "{064EE52B-483C-4E96-A9DE-2A2D293EA741}"
EndProject
Project("{D954291E-2A0B-460D-934E-DC6B0785DB48}") = "GtkSharpDemo.Shared", "Examples\GtkSharp.Shared\GtkSharpDemo\GtkSharpDemo.Shared.shproj", "{08C8BDFF-CF2A-484D-8051-289538774D35}"
EndProject
Project("{2150E333-8FDC-42A3-9474-1A3956D46DE8}") = "Solution Items", "Solution Items", "{25DA8D9B-8DE9-4686-9F8B-E838BFA57844}"
	ProjectSection(SolutionItems) = preProject
		..\.gitattributes = ..\.gitattributes
		..\.gitignore = ..\.gitignore
		..\appveyor.yml = ..\appveyor.yml
		..\CHANGELOG.md = ..\CHANGELOG.md
		..\LICENSE = ..\LICENSE
	EndProjectSection
EndProject
Global
	GlobalSection(SharedMSBuildProjectFiles) = preSolution
		Examples\GtkSharp.Shared\ExampleBrowser\ExampleBrowser.Shared.projitems*{064ee52b-483c-4e96-a9de-2a2d293ea741}*SharedItemsImports = 13
		Examples\GtkSharp.Shared\GtkSharpDemo\GtkSharpDemo.Shared.projitems*{08c8bdff-cf2a-484d-8051-289538774d35}*SharedItemsImports = 13
		OxyPlot.GtkSharp.Shared\OxyPlot.GtkSharp.Shared.projitems*{ae281d72-34a8-4b84-aa7c-e1bace70f0c0}*SharedItemsImports = 13
	EndGlobalSection
	GlobalSection(SolutionConfigurationPlatforms) = preSolution
		Debug|Any CPU = Debug|Any CPU
		Debug|x86 = Debug|x86
		Release|Any CPU = Release|Any CPU
		Release|x86 = Release|x86
	EndGlobalSection
	GlobalSection(ProjectConfigurationPlatforms) = postSolution
		{89D008D7-AD33-4AB6-B61A-064C48DA6699}.Debug|Any CPU.ActiveCfg = Debug|Any CPU
		{89D008D7-AD33-4AB6-B61A-064C48DA6699}.Debug|Any CPU.Build.0 = Debug|Any CPU
		{89D008D7-AD33-4AB6-B61A-064C48DA6699}.Debug|x86.ActiveCfg = Debug|Any CPU
		{89D008D7-AD33-4AB6-B61A-064C48DA6699}.Debug|x86.Build.0 = Debug|Any CPU
		{89D008D7-AD33-4AB6-B61A-064C48DA6699}.Release|Any CPU.ActiveCfg = Release|Any CPU
		{89D008D7-AD33-4AB6-B61A-064C48DA6699}.Release|Any CPU.Build.0 = Release|Any CPU
		{89D008D7-AD33-4AB6-B61A-064C48DA6699}.Release|x86.ActiveCfg = Release|Any CPU
		{89D008D7-AD33-4AB6-B61A-064C48DA6699}.Release|x86.Build.0 = Release|Any CPU
		{7CECF810-9B40-46A9-9B56-5A719CFDCAD0}.Debug|Any CPU.ActiveCfg = Debug|Any CPU
		{7CECF810-9B40-46A9-9B56-5A719CFDCAD0}.Debug|Any CPU.Build.0 = Debug|Any CPU
		{7CECF810-9B40-46A9-9B56-5A719CFDCAD0}.Debug|x86.ActiveCfg = Debug|Any CPU
		{7CECF810-9B40-46A9-9B56-5A719CFDCAD0}.Debug|x86.Build.0 = Debug|Any CPU
		{7CECF810-9B40-46A9-9B56-5A719CFDCAD0}.Release|Any CPU.ActiveCfg = Release|Any CPU
		{7CECF810-9B40-46A9-9B56-5A719CFDCAD0}.Release|Any CPU.Build.0 = Release|Any CPU
		{7CECF810-9B40-46A9-9B56-5A719CFDCAD0}.Release|x86.ActiveCfg = Release|Any CPU
		{7CECF810-9B40-46A9-9B56-5A719CFDCAD0}.Release|x86.Build.0 = Release|Any CPU
		{04C4F5CF-4B8A-4D27-9562-462581C1D323}.Debug|Any CPU.ActiveCfg = Debug|Any CPU
		{04C4F5CF-4B8A-4D27-9562-462581C1D323}.Debug|Any CPU.Build.0 = Debug|Any CPU
		{04C4F5CF-4B8A-4D27-9562-462581C1D323}.Debug|x86.ActiveCfg = Debug|Any CPU
		{04C4F5CF-4B8A-4D27-9562-462581C1D323}.Debug|x86.Build.0 = Debug|Any CPU
		{04C4F5CF-4B8A-4D27-9562-462581C1D323}.Release|Any CPU.ActiveCfg = Release|Any CPU
		{04C4F5CF-4B8A-4D27-9562-462581C1D323}.Release|Any CPU.Build.0 = Release|Any CPU
		{04C4F5CF-4B8A-4D27-9562-462581C1D323}.Release|x86.ActiveCfg = Release|Any CPU
		{04C4F5CF-4B8A-4D27-9562-462581C1D323}.Release|x86.Build.0 = Release|Any CPU
		{8B2DC377-4689-4252-AA08-3ACD06A045F3}.Debug|Any CPU.ActiveCfg = Debug|Any CPU
		{8B2DC377-4689-4252-AA08-3ACD06A045F3}.Debug|Any CPU.Build.0 = Debug|Any CPU
		{8B2DC377-4689-4252-AA08-3ACD06A045F3}.Debug|x86.ActiveCfg = Debug|Any CPU
		{8B2DC377-4689-4252-AA08-3ACD06A045F3}.Debug|x86.Build.0 = Debug|Any CPU
		{8B2DC377-4689-4252-AA08-3ACD06A045F3}.Release|Any CPU.ActiveCfg = Release|Any CPU
		{8B2DC377-4689-4252-AA08-3ACD06A045F3}.Release|Any CPU.Build.0 = Release|Any CPU
		{8B2DC377-4689-4252-AA08-3ACD06A045F3}.Release|x86.ActiveCfg = Release|Any CPU
		{8B2DC377-4689-4252-AA08-3ACD06A045F3}.Release|x86.Build.0 = Release|Any CPU
		{BA5651BE-8B77-4107-8DF7-FFB73C850E18}.Debug|Any CPU.ActiveCfg = Debug|Any CPU
		{BA5651BE-8B77-4107-8DF7-FFB73C850E18}.Debug|Any CPU.Build.0 = Debug|Any CPU
		{BA5651BE-8B77-4107-8DF7-FFB73C850E18}.Debug|x86.ActiveCfg = Debug|Any CPU
		{BA5651BE-8B77-4107-8DF7-FFB73C850E18}.Debug|x86.Build.0 = Debug|Any CPU
		{BA5651BE-8B77-4107-8DF7-FFB73C850E18}.Release|Any CPU.ActiveCfg = Release|Any CPU
		{BA5651BE-8B77-4107-8DF7-FFB73C850E18}.Release|Any CPU.Build.0 = Release|Any CPU
		{BA5651BE-8B77-4107-8DF7-FFB73C850E18}.Release|x86.ActiveCfg = Release|Any CPU
		{BA5651BE-8B77-4107-8DF7-FFB73C850E18}.Release|x86.Build.0 = Release|Any CPU
		{480A7E68-5F4D-48C8-A8BD-E2DC1BA362E6}.Debug|Any CPU.ActiveCfg = Debug|Any CPU
		{480A7E68-5F4D-48C8-A8BD-E2DC1BA362E6}.Debug|Any CPU.Build.0 = Debug|Any CPU
		{480A7E68-5F4D-48C8-A8BD-E2DC1BA362E6}.Debug|x86.ActiveCfg = Debug|Any CPU
		{480A7E68-5F4D-48C8-A8BD-E2DC1BA362E6}.Debug|x86.Build.0 = Debug|Any CPU
		{480A7E68-5F4D-48C8-A8BD-E2DC1BA362E6}.Release|Any CPU.ActiveCfg = Release|Any CPU
		{480A7E68-5F4D-48C8-A8BD-E2DC1BA362E6}.Release|Any CPU.Build.0 = Release|Any CPU
		{480A7E68-5F4D-48C8-A8BD-E2DC1BA362E6}.Release|x86.ActiveCfg = Release|Any CPU
		{480A7E68-5F4D-48C8-A8BD-E2DC1BA362E6}.Release|x86.Build.0 = Release|Any CPU
	EndGlobalSection
	GlobalSection(SolutionProperties) = preSolution
		HideSolutionNode = FALSE
	EndGlobalSection
	GlobalSection(NestedProjects) = preSolution
		{7CECF810-9B40-46A9-9B56-5A719CFDCAD0} = {47133BFC-5147-43B7-94F9-AB12B006C8AC}
		{04C4F5CF-4B8A-4D27-9562-462581C1D323} = {47133BFC-5147-43B7-94F9-AB12B006C8AC}
		{BA5651BE-8B77-4107-8DF7-FFB73C850E18} = {47133BFC-5147-43B7-94F9-AB12B006C8AC}
		{480A7E68-5F4D-48C8-A8BD-E2DC1BA362E6} = {47133BFC-5147-43B7-94F9-AB12B006C8AC}
		{064EE52B-483C-4E96-A9DE-2A2D293EA741} = {47133BFC-5147-43B7-94F9-AB12B006C8AC}
		{08C8BDFF-CF2A-484D-8051-289538774D35} = {47133BFC-5147-43B7-94F9-AB12B006C8AC}
	EndGlobalSection
	GlobalSection(ExtensibilityGlobals) = postSolution
		SolutionGuid = {01DC0FFB-80E7-4B74-BA4D-9137B9F4476F}
	EndGlobalSection
	GlobalSection(MonoDevelopProperties) = preSolution
		Policies = $0
		$0.TextStylePolicy = $1
		$1.inheritsSet = VisualStudio
		$1.inheritsScope = text/plain
		$1.scope = text/x-csharp
		$0.CSharpFormattingPolicy = $2
		$2.IndentSwitchBody = True
		$2.AnonymousMethodBraceStyle = NextLine
		$2.PropertyBraceStyle = NextLine
		$2.PropertyGetBraceStyle = NextLine
		$2.PropertySetBraceStyle = NextLine
		$2.EventBraceStyle = NextLine
		$2.EventAddBraceStyle = NextLine
		$2.EventRemoveBraceStyle = NextLine
		$2.StatementBraceStyle = NextLine
		$2.ElseNewLinePlacement = DoNotCare
		$2.CatchNewLinePlacement = NewLine
		$2.FinallyNewLinePlacement = NewLine
		$2.WhileNewLinePlacement = NewLine
		$2.ArrayInitializerWrapping = DoNotChange
		$2.BlankLinesAfterUsings = 2
		$2.BlankLinesBetweenTypes = 2
		$2.BlankLinesBetweenMembers = 2
		$2.inheritsSet = Mono
		$2.inheritsScope = text/x-csharp
		$2.scope = text/x-csharp
	EndGlobalSection
EndGlobal
